<?xml version="1.0" encoding="utf-8"?>
<Project ToolsVersion="4.0" xmlns="http://schemas.microsoft.com/developer/msbuild/2003">
  <ItemGroup>
    <Filter Include="Objects">
      <UniqueIdentifier>{3f2f6eb8-4afa-4b9d-8d36-37923e4653c1}</UniqueIdentifier>
    </Filter>
    <Filter Include="Utils">
      <UniqueIdentifier>{db473930-4309-4248-92d7-fd6a69a5f378}</UniqueIdentifier>
    </Filter>
    <Filter Include="Scenes">
      <UniqueIdentifier>{e5956240-4718-4906-a0da-b542f76a959c}</UniqueIdentifier>
    </Filter>
    <Filter Include="Interface">
      <UniqueIdentifier>{3b52ebcc-11e6-4628-9f0f-8e6853fa6d99}</UniqueIdentifier>
    </Filter>
    <Filter Include="Game">
      <UniqueIdentifier>{90af35fc-777f-4679-99f9-addfca04bc9e}</UniqueIdentifier>
    </Filter>
  </ItemGroup>
  <ItemGroup>
    <ClCompile Include="src\Game.cpp">
      <Filter>Game</Filter>
    </ClCompile>
    <ClCompile Include="main.cpp">
      <Filter>Game</Filter>
    </ClCompile>
    <ClCompile Include="src\Scenes\Scene_Gameplay.cpp">
      <Filter>Scenes</Filter>
    </ClCompile>
    <ClCompile Include="src\Scenes\Scene_MainMenu.cpp">
      <Filter>Scenes</Filter>
    </ClCompile>
    <ClCompile Include="src\Interface\Button.cpp">
      <Filter>Interface</Filter>
    </ClCompile>
    <ClCompile Include="src\Objects\Player.cpp">
      <Filter>Objects</Filter>
    </ClCompile>
    <ClCompile Include="src\Utils\SoundManager.cpp">
      <Filter>Utils</Filter>
    </ClCompile>
    <ClCompile Include="src\Objects\Enemy.cpp">
      <Filter>Objects</Filter>
    </ClCompile>
  </ItemGroup>
  <ItemGroup>
    <ClInclude Include="src\Game.h">
      <Filter>Game</Filter>
    </ClInclude>
    <ClInclude Include="src\Scenes\Scene_Gameplay.h">
      <Filter>Scenes</Filter>
    </ClInclude>
    <ClInclude Include="src\Scenes\Scene_MainMenu.h">
      <Filter>Scenes</Filter>
    </ClInclude>
    <ClInclude Include="src\Interface\Button.h">
      <Filter>Interface</Filter>
    </ClInclude>
    <ClInclude Include="src\Objects\Player.h">
      <Filter>Objects</Filter>
    </ClInclude>
    <ClInclude Include="src\Utils\SoundManager.h">
      <Filter>Utils</Filter>
    </ClInclude>
    <ClInclude Include="src\Objects\Enemy.h">
      <Filter>Objects</Filter>
    </ClInclude>
    <ClInclude Include="src\Objects\Circle.h">
      <Filter>Objects</Filter>
    </ClInclude>
  </ItemGroup>
</Project>